
Microsoft Visual Studio Solution File, Format Version 12.00
# Visual Studio Version 17
VisualStudioVersion = 17.2.32630.192
MinimumVisualStudioVersion = 10.0.40219.1
Project("{FAE04EC0-301F-11D3-BF4B-00C04F79EFBC}") = "FIZJQ7_ASP_2022231", "FIZJQ7_ASP_2022231.csproj", "{87D90546-755E-45BB-B526-A2EDEE2FE203}"
EndProject
Global
	GlobalSection(SolutionConfigurationPlatforms) = preSolution
		Debug|Any CPU = Debug|Any CPU
		Release|Any CPU = Release|Any CPU
	EndGlobalSection
	GlobalSection(ProjectConfigurationPlatforms) = postSolution
		{87D90546-755E-45BB-B526-A2EDEE2FE203}.Debug|Any CPU.ActiveCfg = Debug|Any CPU
		{87D90546-755E-45BB-B526-A2EDEE2FE203}.Debug|Any CPU.Build.0 = Debug|Any CPU
		{87D90546-755E-45BB-B526-A2EDEE2FE203}.Release|Any CPU.ActiveCfg = Release|Any CPU
		{87D90546-755E-45BB-B526-A2EDEE2FE203}.Release|Any CPU.Build.0 = Release|Any CPU
	EndGlobalSection
	GlobalSection(SolutionProperties) = preSolution
		HideSolutionNode = FALSE
	EndGlobalSection
	GlobalSection(ExtensibilityGlobals) = postSolution
		SolutionGuid = {A7FF94D3-99B5-4652-92FB-50E13B90CE3A}
	EndGlobalSection
EndGlobal
